
Microsoft Visual Studio Solution File, Format Version 12.00
# Visual Studio Version 16
VisualStudioVersion = 16.0.29920.165
MinimumVisualStudioVersion = 10.0.40219.1
Project("{FAE04EC0-301F-11D3-BF4B-00C04F79EFBC}") = "ML_Taxi_Fare", "ML_Taxi_Fare\ML_Taxi_Fare.csproj", "{3E01CE6F-1EB3-4CFA-A69F-88138D2C898C}"
EndProject
Global
	GlobalSection(SolutionConfigurationPlatforms) = preSolution
		Debug|Any CPU = Debug|Any CPU
		Release|Any CPU = Release|Any CPU
	EndGlobalSection
	GlobalSection(ProjectConfigurationPlatforms) = postSolution
		{3E01CE6F-1EB3-4CFA-A69F-88138D2C898C}.Debug|Any CPU.ActiveCfg = Debug|Any CPU
		{3E01CE6F-1EB3-4CFA-A69F-88138D2C898C}.Debug|Any CPU.Build.0 = Debug|Any CPU
		{3E01CE6F-1EB3-4CFA-A69F-88138D2C898C}.Release|Any CPU.ActiveCfg = Release|Any CPU
		{3E01CE6F-1EB3-4CFA-A69F-88138D2C898C}.Release|Any CPU.Build.0 = Release|Any CPU
	EndGlobalSection
	GlobalSection(SolutionProperties) = preSolution
		HideSolutionNode = FALSE
	EndGlobalSection
	GlobalSection(ExtensibilityGlobals) = postSolution
		SolutionGuid = {A1E4F1AB-55E1-4562-8158-BD2B3D7F5C12}
	EndGlobalSection
EndGlobal
